
Microsoft Visual Studio Solution File, Format Version 12.00
# Visual Studio 15
VisualStudioVersion = 15.0.28010.2036
MinimumVisualStudioVersion = 10.0.40219.1
Project("{FAE04EC0-301F-11D3-BF4B-00C04F79EFBC}") = "MemoryDemo", "MemoryDemo\MemoryDemo.csproj", "{327361ED-F745-4C60-B5AA-BBBA4E20527F}"
EndProject
Global
	GlobalSection(SolutionConfigurationPlatforms) = preSolution
		Debug|Any CPU = Debug|Any CPU
		Release|Any CPU = Release|Any CPU
	EndGlobalSection
	GlobalSection(ProjectConfigurationPlatforms) = postSolution
		{327361ED-F745-4C60-B5AA-BBBA4E20527F}.Debug|Any CPU.ActiveCfg = Debug|Any CPU
		{327361ED-F745-4C60-B5AA-BBBA4E20527F}.Debug|Any CPU.Build.0 = Debug|Any CPU
		{327361ED-F745-4C60-B5AA-BBBA4E20527F}.Release|Any CPU.ActiveCfg = Release|Any CPU
		{327361ED-F745-4C60-B5AA-BBBA4E20527F}.Release|Any CPU.Build.0 = Release|Any CPU
	EndGlobalSection
	GlobalSection(SolutionProperties) = preSolution
		HideSolutionNode = FALSE
	EndGlobalSection
	GlobalSection(ExtensibilityGlobals) = postSolution
		SolutionGuid = {3CA53A6C-422B-4BCC-BA0C-1AE1F7783E6A}
	EndGlobalSection
EndGlobal
